{"filter":false,"title":"yarn.lock","tooltip":"/harmony_project/yarn.lock","undoManager":{"mark":-1,"position":-1,"stack":[]},"ace":{"folds":[],"scrolltop":20460,"scrollleft":0,"selection":{"start":{"row":0,"column":0},"end":{"row":0,"column":0},"isBackwards":true},"options":{"guessTabSize":true,"useWrapMode":false,"wrapToView":true},"firstLineState":{"row":1419,"state":"start","mode":"ace/mode/text"}},"timestamp":1495867206412,"hash":"047d8fbbd972c7987a3f75b07039e279211b3a82"}